
Microsoft Visual Studio Solution File, Format Version 12.00
# Visual Studio 15
VisualStudioVersion = 15.0.26730.8
MinimumVisualStudioVersion = 10.0.40219.1
Project("{FAE04EC0-301F-11D3-BF4B-00C04F79EFBC}") = "BusTicket", "BusTicket\BusTicket.csproj", "{900161A0-FC61-43D2-A35E-FCD2A52B48CC}"
EndProject
Global
	GlobalSection(SolutionConfigurationPlatforms) = preSolution
		Debug|Any CPU = Debug|Any CPU
		Release|Any CPU = Release|Any CPU
	EndGlobalSection
	GlobalSection(ProjectConfigurationPlatforms) = postSolution
		{900161A0-FC61-43D2-A35E-FCD2A52B48CC}.Debug|Any CPU.ActiveCfg = Debug|Any CPU
		{900161A0-FC61-43D2-A35E-FCD2A52B48CC}.Debug|Any CPU.Build.0 = Debug|Any CPU
		{900161A0-FC61-43D2-A35E-FCD2A52B48CC}.Release|Any CPU.ActiveCfg = Release|Any CPU
		{900161A0-FC61-43D2-A35E-FCD2A52B48CC}.Release|Any CPU.Build.0 = Release|Any CPU
	EndGlobalSection
	GlobalSection(SolutionProperties) = preSolution
		HideSolutionNode = FALSE
	EndGlobalSection
	GlobalSection(ExtensibilityGlobals) = postSolution
		SolutionGuid = {7D815352-DB8D-49F9-838F-D804F782B5C0}
	EndGlobalSection
EndGlobal
