
Microsoft Visual Studio Solution File, Format Version 12.00
# Visual Studio 15
VisualStudioVersion = 15.0.26730.8
MinimumVisualStudioVersion = 10.0.40219.1
Project("{FAE04EC0-301F-11D3-BF4B-00C04F79EFBC}") = "DemoApp02-Estructura", "DemoApp02-Estructura\DemoApp02-Estructura.csproj", "{7823C651-744A-4DEC-A93A-AEC00576FA8E}"
EndProject
Global
	GlobalSection(SolutionConfigurationPlatforms) = preSolution
		Debug|Any CPU = Debug|Any CPU
		Release|Any CPU = Release|Any CPU
	EndGlobalSection
	GlobalSection(ProjectConfigurationPlatforms) = postSolution
		{7823C651-744A-4DEC-A93A-AEC00576FA8E}.Debug|Any CPU.ActiveCfg = Debug|Any CPU
		{7823C651-744A-4DEC-A93A-AEC00576FA8E}.Debug|Any CPU.Build.0 = Debug|Any CPU
		{7823C651-744A-4DEC-A93A-AEC00576FA8E}.Release|Any CPU.ActiveCfg = Release|Any CPU
		{7823C651-744A-4DEC-A93A-AEC00576FA8E}.Release|Any CPU.Build.0 = Release|Any CPU
	EndGlobalSection
	GlobalSection(SolutionProperties) = preSolution
		HideSolutionNode = FALSE
	EndGlobalSection
	GlobalSection(ExtensibilityGlobals) = postSolution
		SolutionGuid = {8E97BF07-3C5C-45DB-9A85-8DF6C04CB17E}
	EndGlobalSection
EndGlobal
